
Microsoft Visual Studio Solution File, Format Version 12.00
# Visual Studio Version 17
VisualStudioVersion = 17.1.32328.378
MinimumVisualStudioVersion = 10.0.40219.1
Project("{8BC9CEB8-8B4A-11D0-8D11-00A0C91BC942}") = "Library", "Library\Library.vcxproj", "{2AAAB48C-81E4-4277-B27A-FCAB0CA75647}"
EndProject
Global
	GlobalSection(SolutionConfigurationPlatforms) = preSolution
		Debug|x64 = Debug|x64
		Debug|x86 = Debug|x86
		Release|x64 = Release|x64
		Release|x86 = Release|x86
	EndGlobalSection
	GlobalSection(ProjectConfigurationPlatforms) = postSolution
		{2AAAB48C-81E4-4277-B27A-FCAB0CA75647}.Debug|x64.ActiveCfg = Debug|x64
		{2AAAB48C-81E4-4277-B27A-FCAB0CA75647}.Debug|x64.Build.0 = Debug|x64
		{2AAAB48C-81E4-4277-B27A-FCAB0CA75647}.Debug|x86.ActiveCfg = Debug|Win32
		{2AAAB48C-81E4-4277-B27A-FCAB0CA75647}.Debug|x86.Build.0 = Debug|Win32
		{2AAAB48C-81E4-4277-B27A-FCAB0CA75647}.Release|x64.ActiveCfg = Release|x64
		{2AAAB48C-81E4-4277-B27A-FCAB0CA75647}.Release|x64.Build.0 = Release|x64
		{2AAAB48C-81E4-4277-B27A-FCAB0CA75647}.Release|x86.ActiveCfg = Release|Win32
		{2AAAB48C-81E4-4277-B27A-FCAB0CA75647}.Release|x86.Build.0 = Release|Win32
	EndGlobalSection
	GlobalSection(SolutionProperties) = preSolution
		HideSolutionNode = FALSE
	EndGlobalSection
	GlobalSection(ExtensibilityGlobals) = postSolution
		SolutionGuid = {83205B4D-4DD3-4DCB-8790-2501555E131A}
	EndGlobalSection
EndGlobal
